// !$*UTF8*$!
{
	archiveVersion = 1;
	classes = {
	};
	objectVersion = 60;
	objects = {

/* Begin PBXBuildFile section */
		6648D5C72C555AFD00A58BB4 /* nikon.png in Resources */ = {isa = PBXBuildFile; fileRef = 6648D5C22C555AFD00A58BB4 /* nikon.png */; };
		6648D5C82C555AFD00A58BB4 /* unknown.png in Resources */ = {isa = PBXBuildFile; fileRef = 6648D5C42C555AFD00A58BB4 /* unknown.png */; };
		6648D5C92C555AFD00A58BB4 /* Exo2-SemiBold.ttf in Resources */ = {isa = PBXBuildFile; fileRef = 6648D5B32C555AFD00A58BB4 /* Exo2-SemiBold.ttf */; };
		6648D5CA2C555AFD00A58BB4 /* apple.png in Resources */ = {isa = PBXBuildFile; fileRef = 6648D5BE2C555AFD00A58BB4 /* apple.png */; };
		6648D5CB2C555AFD00A58BB4 /* Exo2-Italic-VariableFont_wght.ttf in Resources */ = {isa = PBXBuildFile; fileRef = 6648D5B82C555AFD00A58BB4 /* Exo2-Italic-VariableFont_wght.ttf */; };
		6648D5CC2C555AFD00A58BB4 /* sony.png in Resources */ = {isa = PBXBuildFile; fileRef = 6648D5C32C555AFD00A58BB4 /* sony.png */; };
		6648D5CD2C555AFD00A58BB4 /* Exo2-Regular.ttf in Resources */ = {isa = PBXBuildFile; fileRef = 6648D5B22C555AFD00A58BB4 /* Exo2-Regular.ttf */; };
		6648D5CE2C555AFD00A58BB4 /* OFL.txt in Resources */ = {isa = PBXBuildFile; fileRef = 6648D5BA2C555AFD00A58BB4 /* OFL.txt */; };
		6648D5CF2C555AFD00A58BB4 /* leica.png in Resources */ = {isa = PBXBuildFile; fileRef = 6648D5C12C555AFD00A58BB4 /* leica.png */; };
		6648D5D02C555AFD00A58BB4 /* canon.png in Resources */ = {isa = PBXBuildFile; fileRef = 6648D5BF2C555AFD00A58BB4 /* canon.png */; };
		6648D5D12C555AFD00A58BB4 /* Exo2-ExtraLight.ttf in Resources */ = {isa = PBXBuildFile; fileRef = 6648D5AB2C555AFD00A58BB4 /* Exo2-ExtraLight.ttf */; };
		6648D5D22C555AFD00A58BB4 /* Exo2-SemiBoldItalic.ttf in Resources */ = {isa = PBXBuildFile; fileRef = 6648D5B42C555AFD00A58BB4 /* Exo2-SemiBoldItalic.ttf */; };
		6648D5D32C555AFD00A58BB4 /* Exo2-ExtraBoldItalic.ttf in Resources */ = {isa = PBXBuildFile; fileRef = 6648D5AA2C555AFD00A58BB4 /* Exo2-ExtraBoldItalic.ttf */; };
		6648D5D42C555AFD00A58BB4 /* README.txt in Resources */ = {isa = PBXBuildFile; fileRef = 6648D5BB2C555AFD00A58BB4 /* README.txt */; };
		6648D5D52C555AFD00A58BB4 /* Exo2-BlackItalic.ttf in Resources */ = {isa = PBXBuildFile; fileRef = 6648D5A62C555AFD00A58BB4 /* Exo2-BlackItalic.ttf */; };
		6648D5D62C555AFD00A58BB4 /* Exo2-ThinItalic.ttf in Resources */ = {isa = PBXBuildFile; fileRef = 6648D5B62C555AFD00A58BB4 /* Exo2-ThinItalic.ttf */; };
		6648D5D72C555AFD00A58BB4 /* Exo2-ExtraBold.ttf in Resources */ = {isa = PBXBuildFile; fileRef = 6648D5A92C555AFD00A58BB4 /* Exo2-ExtraBold.ttf */; };
		6648D5D82C555AFD00A58BB4 /* Exo2-Thin.ttf in Resources */ = {isa = PBXBuildFile; fileRef = 6648D5B52C555AFD00A58BB4 /* Exo2-Thin.ttf */; };
		6648D5D92C555AFD00A58BB4 /* Exo2-LightItalic.ttf in Resources */ = {isa = PBXBuildFile; fileRef = 6648D5AF2C555AFD00A58BB4 /* Exo2-LightItalic.ttf */; };
		6648D5DA2C555AFD00A58BB4 /* Exo2-ExtraLightItalic.ttf in Resources */ = {isa = PBXBuildFile; fileRef = 6648D5AC2C555AFD00A58BB4 /* Exo2-ExtraLightItalic.ttf */; };
		6648D5DB2C555AFD00A58BB4 /* Exo2-VariableFont_wght.ttf in Resources */ = {isa = PBXBuildFile; fileRef = 6648D5B92C555AFD00A58BB4 /* Exo2-VariableFont_wght.ttf */; };
		6648D5DC2C555AFD00A58BB4 /* Exo2-Light.ttf in Resources */ = {isa = PBXBuildFile; fileRef = 6648D5AE2C555AFD00A58BB4 /* Exo2-Light.ttf */; };
		6648D5DD2C555AFD00A58BB4 /* Exo2-Bold.ttf in Resources */ = {isa = PBXBuildFile; fileRef = 6648D5A72C555AFD00A58BB4 /* Exo2-Bold.ttf */; };
		6648D5DE2C555AFD00A58BB4 /* fuji.png in Resources */ = {isa = PBXBuildFile; fileRef = 6648D5C02C555AFD00A58BB4 /* fuji.png */; };
		6648D5DF2C555AFD00A58BB4 /* Exo2-Italic.ttf in Resources */ = {isa = PBXBuildFile; fileRef = 6648D5AD2C555AFD00A58BB4 /* Exo2-Italic.ttf */; };
		6648D5E02C555AFD00A58BB4 /* Exo2-BoldItalic.ttf in Resources */ = {isa = PBXBuildFile; fileRef = 6648D5A82C555AFD00A58BB4 /* Exo2-BoldItalic.ttf */; };
		6648D5E12C555AFD00A58BB4 /* Exo2-MediumItalic.ttf in Resources */ = {isa = PBXBuildFile; fileRef = 6648D5B12C555AFD00A58BB4 /* Exo2-MediumItalic.ttf */; };
		6648D5E22C555AFD00A58BB4 /* Exo2-Medium.ttf in Resources */ = {isa = PBXBuildFile; fileRef = 6648D5B02C555AFD00A58BB4 /* Exo2-Medium.ttf */; };
		6648D5E32C555AFD00A58BB4 /* Exo2-Black.ttf in Resources */ = {isa = PBXBuildFile; fileRef = 6648D5A52C555AFD00A58BB4 /* Exo2-Black.ttf */; };
		F795A0832C5374280091E74F /* AppDelegate.swift in Sources */ = {isa = PBXBuildFile; fileRef = F795A0822C5374280091E74F /* AppDelegate.swift */; };
		F795A0852C5374280091E74F /* SceneDelegate.swift in Sources */ = {isa = PBXBuildFile; fileRef = F795A0842C5374280091E74F /* SceneDelegate.swift */; };
		F795A0872C5374280091E74F /* ViewController.swift in Sources */ = {isa = PBXBuildFile; fileRef = F795A0862C5374280091E74F /* ViewController.swift */; };
		F795A08A2C5374280091E74F /* Base in Resources */ = {isa = PBXBuildFile; fileRef = F795A0892C5374280091E74F /* Base */; };
		F795A08C2C53742B0091E74F /* Assets.xcassets in Resources */ = {isa = PBXBuildFile; fileRef = F795A08B2C53742B0091E74F /* Assets.xcassets */; };
		F795A08F2C53742B0091E74F /* Base in Resources */ = {isa = PBXBuildFile; fileRef = F795A08E2C53742B0091E74F /* Base */; };
		F795A0972C5374460091E74F /* UploadViewController.swift in Sources */ = {isa = PBXBuildFile; fileRef = F795A0962C5374460091E74F /* UploadViewController.swift */; };
		F795A0992C538D4B0091E74F /* Photo.swift in Sources */ = {isa = PBXBuildFile; fileRef = F795A0982C538D4B0091E74F /* Photo.swift */; };
/* End PBXBuildFile section */

/* Begin PBXFileReference section */
		6648D5A52C555AFD00A58BB4 /* Exo2-Black.ttf */ = {isa = PBXFileReference; lastKnownFileType = file; path = "Exo2-Black.ttf"; sourceTree = "<group>"; };
		6648D5A62C555AFD00A58BB4 /* Exo2-BlackItalic.ttf */ = {isa = PBXFileReference; lastKnownFileType = file; path = "Exo2-BlackItalic.ttf"; sourceTree = "<group>"; };
		6648D5A72C555AFD00A58BB4 /* Exo2-Bold.ttf */ = {isa = PBXFileReference; lastKnownFileType = file; path = "Exo2-Bold.ttf"; sourceTree = "<group>"; };
		6648D5A82C555AFD00A58BB4 /* Exo2-BoldItalic.ttf */ = {isa = PBXFileReference; lastKnownFileType = file; path = "Exo2-BoldItalic.ttf"; sourceTree = "<group>"; };
		6648D5A92C555AFD00A58BB4 /* Exo2-ExtraBold.ttf */ = {isa = PBXFileReference; lastKnownFileType = file; path = "Exo2-ExtraBold.ttf"; sourceTree = "<group>"; };
		6648D5AA2C555AFD00A58BB4 /* Exo2-ExtraBoldItalic.ttf */ = {isa = PBXFileReference; lastKnownFileType = file; path = "Exo2-ExtraBoldItalic.ttf"; sourceTree = "<group>"; };
		6648D5AB2C555AFD00A58BB4 /* Exo2-ExtraLight.ttf */ = {isa = PBXFileReference; lastKnownFileType = file; path = "Exo2-ExtraLight.ttf"; sourceTree = "<group>"; };
		6648D5AC2C555AFD00A58BB4 /* Exo2-ExtraLightItalic.ttf */ = {isa = PBXFileReference; lastKnownFileType = file; path = "Exo2-ExtraLightItalic.ttf"; sourceTree = "<group>"; };
		6648D5AD2C555AFD00A58BB4 /* Exo2-Italic.ttf */ = {isa = PBXFileReference; lastKnownFileType = file; path = "Exo2-Italic.ttf"; sourceTree = "<group>"; };
		6648D5AE2C555AFD00A58BB4 /* Exo2-Light.ttf */ = {isa = PBXFileReference; lastKnownFileType = file; path = "Exo2-Light.ttf"; sourceTree = "<group>"; };
		6648D5AF2C555AFD00A58BB4 /* Exo2-LightItalic.ttf */ = {isa = PBXFileReference; lastKnownFileType = file; path = "Exo2-LightItalic.ttf"; sourceTree = "<group>"; };
		6648D5B02C555AFD00A58BB4 /* Exo2-Medium.ttf */ = {isa = PBXFileReference; lastKnownFileType = file; path = "Exo2-Medium.ttf"; sourceTree = "<group>"; };
		6648D5B12C555AFD00A58BB4 /* Exo2-MediumItalic.ttf */ = {isa = PBXFileReference; lastKnownFileType = file; path = "Exo2-MediumItalic.ttf"; sourceTree = "<group>"; };
		6648D5B22C555AFD00A58BB4 /* Exo2-Regular.ttf */ = {isa = PBXFileReference; lastKnownFileType = file; path = "Exo2-Regular.ttf"; sourceTree = "<group>"; };
		6648D5B32C555AFD00A58BB4 /* Exo2-SemiBold.ttf */ = {isa = PBXFileReference; lastKnownFileType = file; path = "Exo2-SemiBold.ttf"; sourceTree = "<group>"; };
		6648D5B42C555AFD00A58BB4 /* Exo2-SemiBoldItalic.ttf */ = {isa = PBXFileReference; lastKnownFileType = file; path = "Exo2-SemiBoldItalic.ttf"; sourceTree = "<group>"; };
		6648D5B52C555AFD00A58BB4 /* Exo2-Thin.ttf */ = {isa = PBXFileReference; lastKnownFileType = file; path = "Exo2-Thin.ttf"; sourceTree = "<group>"; };
		6648D5B62C555AFD00A58BB4 /* Exo2-ThinItalic.ttf */ = {isa = PBXFileReference; lastKnownFileType = file; path = "Exo2-ThinItalic.ttf"; sourceTree = "<group>"; };
		6648D5B82C555AFD00A58BB4 /* Exo2-Italic-VariableFont_wght.ttf */ = {isa = PBXFileReference; lastKnownFileType = file; path = "Exo2-Italic-VariableFont_wght.ttf"; sourceTree = "<group>"; };
		6648D5B92C555AFD00A58BB4 /* Exo2-VariableFont_wght.ttf */ = {isa = PBXFileReference; lastKnownFileType = file; path = "Exo2-VariableFont_wght.ttf"; sourceTree = "<group>"; };
		6648D5BA2C555AFD00A58BB4 /* OFL.txt */ = {isa = PBXFileReference; lastKnownFileType = text; path = OFL.txt; sourceTree = "<group>"; };
		6648D5BB2C555AFD00A58BB4 /* README.txt */ = {isa = PBXFileReference; lastKnownFileType = text; path = README.txt; sourceTree = "<group>"; };
		6648D5BE2C555AFD00A58BB4 /* apple.png */ = {isa = PBXFileReference; lastKnownFileType = image.png; path = apple.png; sourceTree = "<group>"; };
		6648D5BF2C555AFD00A58BB4 /* canon.png */ = {isa = PBXFileReference; lastKnownFileType = image.png; path = canon.png; sourceTree = "<group>"; };
		6648D5C02C555AFD00A58BB4 /* fuji.png */ = {isa = PBXFileReference; lastKnownFileType = image.png; path = fuji.png; sourceTree = "<group>"; };
		6648D5C12C555AFD00A58BB4 /* leica.png */ = {isa = PBXFileReference; lastKnownFileType = image.png; path = leica.png; sourceTree = "<group>"; };
		6648D5C22C555AFD00A58BB4 /* nikon.png */ = {isa = PBXFileReference; lastKnownFileType = image.png; path = nikon.png; sourceTree = "<group>"; };
		6648D5C32C555AFD00A58BB4 /* sony.png */ = {isa = PBXFileReference; lastKnownFileType = image.png; path = sony.png; sourceTree = "<group>"; };
		6648D5C42C555AFD00A58BB4 /* unknown.png */ = {isa = PBXFileReference; lastKnownFileType = image.png; path = unknown.png; sourceTree = "<group>"; };
		F795A07F2C5374280091E74F /* PhotoDiary.app */ = {isa = PBXFileReference; explicitFileType = wrapper.application; includeInIndex = 0; path = PhotoDiary.app; sourceTree = BUILT_PRODUCTS_DIR; };
		F795A0822C5374280091E74F /* AppDelegate.swift */ = {isa = PBXFileReference; lastKnownFileType = sourcecode.swift; path = AppDelegate.swift; sourceTree = "<group>"; };
		F795A0842C5374280091E74F /* SceneDelegate.swift */ = {isa = PBXFileReference; lastKnownFileType = sourcecode.swift; path = SceneDelegate.swift; sourceTree = "<group>"; };
		F795A0862C5374280091E74F /* ViewController.swift */ = {isa = PBXFileReference; lastKnownFileType = sourcecode.swift; path = ViewController.swift; sourceTree = "<group>"; };
		F795A0892C5374280091E74F /* Base */ = {isa = PBXFileReference; lastKnownFileType = file.storyboard; name = Base; path = Base.lproj/Main.storyboard; sourceTree = "<group>"; };
		F795A08B2C53742B0091E74F /* Assets.xcassets */ = {isa = PBXFileReference; lastKnownFileType = folder.assetcatalog; path = Assets.xcassets; sourceTree = "<group>"; };
		F795A08E2C53742B0091E74F /* Base */ = {isa = PBXFileReference; lastKnownFileType = file.storyboard; name = Base; path = Base.lproj/LaunchScreen.storyboard; sourceTree = "<group>"; };
		F795A0902C53742B0091E74F /* Info.plist */ = {isa = PBXFileReference; lastKnownFileType = text.plist.xml; path = Info.plist; sourceTree = "<group>"; };
		F795A0962C5374460091E74F /* UploadViewController.swift */ = {isa = PBXFileReference; lastKnownFileType = sourcecode.swift; path = UploadViewController.swift; sourceTree = "<group>"; };
		F795A0982C538D4B0091E74F /* Photo.swift */ = {isa = PBXFileReference; lastKnownFileType = sourcecode.swift; path = Photo.swift; sourceTree = "<group>"; };
/* End PBXFileReference section */

/* Begin PBXFrameworksBuildPhase section */
		F795A07C2C5374280091E74F /* Frameworks */ = {
			isa = PBXFrameworksBuildPhase;
			buildActionMask = 2147483647;
			files = (
			);
			runOnlyForDeploymentPostprocessing = 0;
		};
/* End PBXFrameworksBuildPhase section */

/* Begin PBXGroup section */
		6648D5B72C555AFD00A58BB4 /* static */ = {
			isa = PBXGroup;
			children = (
				6648D5A52C555AFD00A58BB4 /* Exo2-Black.ttf */,
				6648D5A62C555AFD00A58BB4 /* Exo2-BlackItalic.ttf */,
				6648D5A72C555AFD00A58BB4 /* Exo2-Bold.ttf */,
				6648D5A82C555AFD00A58BB4 /* Exo2-BoldItalic.ttf */,
				6648D5A92C555AFD00A58BB4 /* Exo2-ExtraBold.ttf */,
				6648D5AA2C555AFD00A58BB4 /* Exo2-ExtraBoldItalic.ttf */,
				6648D5AB2C555AFD00A58BB4 /* Exo2-ExtraLight.ttf */,
				6648D5AC2C555AFD00A58BB4 /* Exo2-ExtraLightItalic.ttf */,
				6648D5AD2C555AFD00A58BB4 /* Exo2-Italic.ttf */,
				6648D5AE2C555AFD00A58BB4 /* Exo2-Light.ttf */,
				6648D5AF2C555AFD00A58BB4 /* Exo2-LightItalic.ttf */,
				6648D5B02C555AFD00A58BB4 /* Exo2-Medium.ttf */,
				6648D5B12C555AFD00A58BB4 /* Exo2-MediumItalic.ttf */,
				6648D5B22C555AFD00A58BB4 /* Exo2-Regular.ttf */,
				6648D5B32C555AFD00A58BB4 /* Exo2-SemiBold.ttf */,
				6648D5B42C555AFD00A58BB4 /* Exo2-SemiBoldItalic.ttf */,
				6648D5B52C555AFD00A58BB4 /* Exo2-Thin.ttf */,
				6648D5B62C555AFD00A58BB4 /* Exo2-ThinItalic.ttf */,
			);
			path = static;
			sourceTree = "<group>";
		};
		6648D5BC2C555AFD00A58BB4 /* Exo_2 */ = {
			isa = PBXGroup;
			children = (
				6648D5B72C555AFD00A58BB4 /* static */,
				6648D5B82C555AFD00A58BB4 /* Exo2-Italic-VariableFont_wght.ttf */,
				6648D5B92C555AFD00A58BB4 /* Exo2-VariableFont_wght.ttf */,
				6648D5BA2C555AFD00A58BB4 /* OFL.txt */,
				6648D5BB2C555AFD00A58BB4 /* README.txt */,
			);
			path = Exo_2;
			sourceTree = "<group>";
		};
		6648D5BD2C555AFD00A58BB4 /* fonts */ = {
			isa = PBXGroup;
			children = (
				6648D5BC2C555AFD00A58BB4 /* Exo_2 */,
			);
			path = fonts;
			sourceTree = "<group>";
		};
		6648D5C52C555AFD00A58BB4 /* image */ = {
			isa = PBXGroup;
			children = (
				6648D5BE2C555AFD00A58BB4 /* apple.png */,
				6648D5BF2C555AFD00A58BB4 /* canon.png */,
				6648D5C02C555AFD00A58BB4 /* fuji.png */,
				6648D5C12C555AFD00A58BB4 /* leica.png */,
				6648D5C22C555AFD00A58BB4 /* nikon.png */,
				6648D5C32C555AFD00A58BB4 /* sony.png */,
				6648D5C42C555AFD00A58BB4 /* unknown.png */,
			);
			path = image;
			sourceTree = "<group>";
		};
		6648D5C62C555AFD00A58BB4 /* assets */ = {
			isa = PBXGroup;
			children = (
				6648D5BD2C555AFD00A58BB4 /* fonts */,
				6648D5C52C555AFD00A58BB4 /* image */,
			);
			path = assets;
			sourceTree = "<group>";
		};
		F795A0762C5374270091E74F = {
			isa = PBXGroup;
			children = (
				F795A0812C5374280091E74F /* PhotoDiary */,
				F795A0802C5374280091E74F /* Products */,
			);
			sourceTree = "<group>";
		};
		F795A0802C5374280091E74F /* Products */ = {
			isa = PBXGroup;
			children = (
				F795A07F2C5374280091E74F /* PhotoDiary.app */,
			);
			name = Products;
			sourceTree = "<group>";
		};
		F795A0812C5374280091E74F /* PhotoDiary */ = {
			isa = PBXGroup;
			children = (
				6648D5C62C555AFD00A58BB4 /* assets */,
				F795A0822C5374280091E74F /* AppDelegate.swift */,
				F795A0842C5374280091E74F /* SceneDelegate.swift */,
				F795A0862C5374280091E74F /* ViewController.swift */,
				F795A0882C5374280091E74F /* Main.storyboard */,
				F795A08B2C53742B0091E74F /* Assets.xcassets */,
				F795A08D2C53742B0091E74F /* LaunchScreen.storyboard */,
				F795A0902C53742B0091E74F /* Info.plist */,
				F795A0962C5374460091E74F /* UploadViewController.swift */,
				F795A0982C538D4B0091E74F /* Photo.swift */,
			);
			path = PhotoDiary;
			sourceTree = "<group>";
		};
/* End PBXGroup section */

/* Begin PBXNativeTarget section */
		F795A07E2C5374280091E74F /* PhotoDiary */ = {
			isa = PBXNativeTarget;
			buildConfigurationList = F795A0932C53742B0091E74F /* Build configuration list for PBXNativeTarget "PhotoDiary" */;
			buildPhases = (
				F795A07B2C5374280091E74F /* Sources */,
				F795A07C2C5374280091E74F /* Frameworks */,
				F795A07D2C5374280091E74F /* Resources */,
			);
			buildRules = (
			);
			dependencies = (
			);
			name = PhotoDiary;
			productName = PhotoDiary;
			productReference = F795A07F2C5374280091E74F /* PhotoDiary.app */;
			productType = "com.apple.product-type.application";
		};
/* End PBXNativeTarget section */

/* Begin PBXProject section */
		F795A0772C5374270091E74F /* Project object */ = {
			isa = PBXProject;
			attributes = {
				BuildIndependentTargetsInParallel = 1;
				LastSwiftUpdateCheck = 1600;
				LastUpgradeCheck = 1600;
				TargetAttributes = {
					F795A07E2C5374280091E74F = {
						CreatedOnToolsVersion = 16.0;
					};
				};
			};
			buildConfigurationList = F795A07A2C5374270091E74F /* Build configuration list for PBXProject "PhotoDiary" */;
			compatibilityVersion = "Xcode 15.0";
			developmentRegion = en;
			hasScannedForEncodings = 0;
			knownRegions = (
				en,
				Base,
			);
			mainGroup = F795A0762C5374270091E74F;
			productRefGroup = F795A0802C5374280091E74F /* Products */;
			projectDirPath = "";
			projectRoot = "";
			targets = (
				F795A07E2C5374280091E74F /* PhotoDiary */,
			);
		};
/* End PBXProject section */

/* Begin PBXResourcesBuildPhase section */
		F795A07D2C5374280091E74F /* Resources */ = {
			isa = PBXResourcesBuildPhase;
			buildActionMask = 2147483647;
			files = (
				F795A08C2C53742B0091E74F /* Assets.xcassets in Resources */,
				F795A08F2C53742B0091E74F /* Base in Resources */,
				6648D5C72C555AFD00A58BB4 /* nikon.png in Resources */,
				6648D5C82C555AFD00A58BB4 /* unknown.png in Resources */,
				6648D5C92C555AFD00A58BB4 /* Exo2-SemiBold.ttf in Resources */,
				6648D5CA2C555AFD00A58BB4 /* apple.png in Resources */,
				6648D5CB2C555AFD00A58BB4 /* Exo2-Italic-VariableFont_wght.ttf in Resources */,
				6648D5CC2C555AFD00A58BB4 /* sony.png in Resources */,
				6648D5CD2C555AFD00A58BB4 /* Exo2-Regular.ttf in Resources */,
				6648D5CE2C555AFD00A58BB4 /* OFL.txt in Resources */,
				6648D5CF2C555AFD00A58BB4 /* leica.png in Resources */,
				6648D5D02C555AFD00A58BB4 /* canon.png in Resources */,
				6648D5D12C555AFD00A58BB4 /* Exo2-ExtraLight.ttf in Resources */,
				6648D5D22C555AFD00A58BB4 /* Exo2-SemiBoldItalic.ttf in Resources */,
				6648D5D32C555AFD00A58BB4 /* Exo2-ExtraBoldItalic.ttf in Resources */,
				6648D5D42C555AFD00A58BB4 /* README.txt in Resources */,
				6648D5D52C555AFD00A58BB4 /* Exo2-BlackItalic.ttf in Resources */,
				6648D5D62C555AFD00A58BB4 /* Exo2-ThinItalic.ttf in Resources */,
				6648D5D72C555AFD00A58BB4 /* Exo2-ExtraBold.ttf in Resources */,
				6648D5D82C555AFD00A58BB4 /* Exo2-Thin.ttf in Resources */,
				6648D5D92C555AFD00A58BB4 /* Exo2-LightItalic.ttf in Resources */,
				6648D5DA2C555AFD00A58BB4 /* Exo2-ExtraLightItalic.ttf in Resources */,
				6648D5DB2C555AFD00A58BB4 /* Exo2-VariableFont_wght.ttf in Resources */,
				6648D5DC2C555AFD00A58BB4 /* Exo2-Light.ttf in Resources */,
				6648D5DD2C555AFD00A58BB4 /* Exo2-Bold.ttf in Resources */,
				6648D5DE2C555AFD00A58BB4 /* fuji.png in Resources */,
				6648D5DF2C555AFD00A58BB4 /* Exo2-Italic.ttf in Resources */,
				6648D5E02C555AFD00A58BB4 /* Exo2-BoldItalic.ttf in Resources */,
				6648D5E12C555AFD00A58BB4 /* Exo2-MediumItalic.ttf in Resources */,
				6648D5E22C555AFD00A58BB4 /* Exo2-Medium.ttf in Resources */,
				6648D5E32C555AFD00A58BB4 /* Exo2-Black.ttf in Resources */,
				F795A08A2C5374280091E74F /* Base in Resources */,
			);
			runOnlyForDeploymentPostprocessing = 0;
		};
/* End PBXResourcesBuildPhase section */

/* Begin PBXSourcesBuildPhase section */
		F795A07B2C5374280091E74F /* Sources */ = {
			isa = PBXSourcesBuildPhase;
			buildActionMask = 2147483647;
			files = (
				F795A0872C5374280091E74F /* ViewController.swift in Sources */,
				F795A0972C5374460091E74F /* UploadViewController.swift in Sources */,
				F795A0832C5374280091E74F /* AppDelegate.swift in Sources */,
				F795A0852C5374280091E74F /* SceneDelegate.swift in Sources */,
				F795A0992C538D4B0091E74F /* Photo.swift in Sources */,
			);
			runOnlyForDeploymentPostprocessing = 0;
		};
/* End PBXSourcesBuildPhase section */

/* Begin PBXVariantGroup section */
		F795A0882C5374280091E74F /* Main.storyboard */ = {
			isa = PBXVariantGroup;
			children = (
				F795A0892C5374280091E74F /* Base */,
			);
			name = Main.storyboard;
			sourceTree = "<group>";
		};
		F795A08D2C53742B0091E74F /* LaunchScreen.storyboard */ = {
			isa = PBXVariantGroup;
			children = (
				F795A08E2C53742B0091E74F /* Base */,
			);
			name = LaunchScreen.storyboard;
			sourceTree = "<group>";
		};
/* End PBXVariantGroup section */

/* Begin XCBuildConfiguration section */
		F795A0912C53742B0091E74F /* Debug */ = {
			isa = XCBuildConfiguration;
			buildSettings = {
				ALWAYS_SEARCH_USER_PATHS = NO;
				ASSETCATALOG_COMPILER_GENERATE_SWIFT_ASSET_SYMBOL_EXTENSIONS = YES;
				CLANG_ANALYZER_NONNULL = YES;
				CLANG_ANALYZER_NUMBER_OBJECT_CONVERSION = YES_AGGRESSIVE;
				CLANG_CXX_LANGUAGE_STANDARD = "gnu++20";
				CLANG_ENABLE_MODULES = YES;
				CLANG_ENABLE_OBJC_ARC = YES;
				CLANG_ENABLE_OBJC_WEAK = YES;
				CLANG_WARN_BLOCK_CAPTURE_AUTORELEASING = YES;
				CLANG_WARN_BOOL_CONVERSION = YES;
				CLANG_WARN_COMMA = YES;
				CLANG_WARN_CONSTANT_CONVERSION = YES;
				CLANG_WARN_DEPRECATED_OBJC_IMPLEMENTATIONS = YES;
				CLANG_WARN_DIRECT_OBJC_ISA_USAGE = YES_ERROR;
				CLANG_WARN_DOCUMENTATION_COMMENTS = YES;
				CLANG_WARN_EMPTY_BODY = YES;
				CLANG_WARN_ENUM_CONVERSION = YES;
				CLANG_WARN_INFINITE_RECURSION = YES;
				CLANG_WARN_INT_CONVERSION = YES;
				CLANG_WARN_NON_LITERAL_NULL_CONVERSION = YES;
				CLANG_WARN_OBJC_IMPLICIT_RETAIN_SELF = YES;
				CLANG_WARN_OBJC_LITERAL_CONVERSION = YES;
				CLANG_WARN_OBJC_ROOT_CLASS = YES_ERROR;
				CLANG_WARN_QUOTED_INCLUDE_IN_FRAMEWORK_HEADER = YES;
				CLANG_WARN_RANGE_LOOP_ANALYSIS = YES;
				CLANG_WARN_STRICT_PROTOTYPES = YES;
				CLANG_WARN_SUSPICIOUS_MOVE = YES;
				CLANG_WARN_UNGUARDED_AVAILABILITY = YES_AGGRESSIVE;
				CLANG_WARN_UNREACHABLE_CODE = YES;
				CLANG_WARN__DUPLICATE_METHOD_MATCH = YES;
				COPY_PHASE_STRIP = NO;
				DEBUG_INFORMATION_FORMAT = dwarf;
				ENABLE_STRICT_OBJC_MSGSEND = YES;
				ENABLE_TESTABILITY = YES;
				ENABLE_USER_SCRIPT_SANDBOXING = YES;
				GCC_C_LANGUAGE_STANDARD = gnu17;
				GCC_DYNAMIC_NO_PIC = NO;
				GCC_NO_COMMON_BLOCKS = YES;
				GCC_OPTIMIZATION_LEVEL = 0;
				GCC_PREPROCESSOR_DEFINITIONS = (
					"DEBUG=1",
					"$(inherited)",
				);
				GCC_WARN_64_TO_32_BIT_CONVERSION = YES;
				GCC_WARN_ABOUT_RETURN_TYPE = YES_ERROR;
				GCC_WARN_UNDECLARED_SELECTOR = YES;
				GCC_WARN_UNINITIALIZED_AUTOS = YES_AGGRESSIVE;
				GCC_WARN_UNUSED_FUNCTION = YES;
				GCC_WARN_UNUSED_VARIABLE = YES;
				IPHONEOS_DEPLOYMENT_TARGET = 18.0;
				LOCALIZATION_PREFERS_STRING_CATALOGS = YES;
				MTL_ENABLE_DEBUG_INFO = INCLUDE_SOURCE;
				MTL_FAST_MATH = YES;
				ONLY_ACTIVE_ARCH = YES;
				SDKROOT = iphoneos;
				SWIFT_ACTIVE_COMPILATION_CONDITIONS = "DEBUG $(inherited)";
				SWIFT_OPTIMIZATION_LEVEL = "-Onone";
			};
			name = Debug;
		};
		F795A0922C53742B0091E74F /* Release */ = {
			isa = XCBuildConfiguration;
			buildSettings = {
				ALWAYS_SEARCH_USER_PATHS = NO;
				ASSETCATALOG_COMPILER_GENERATE_SWIFT_ASSET_SYMBOL_EXTENSIONS = YES;
				CLANG_ANALYZER_NONNULL = YES;
				CLANG_ANALYZER_NUMBER_OBJECT_CONVERSION = YES_AGGRESSIVE;
				CLANG_CXX_LANGUAGE_STANDARD = "gnu++20";
				CLANG_ENABLE_MODULES = YES;
				CLANG_ENABLE_OBJC_ARC = YES;
				CLANG_ENABLE_OBJC_WEAK = YES;
				CLANG_WARN_BLOCK_CAPTURE_AUTORELEASING = YES;
				CLANG_WARN_BOOL_CONVERSION = YES;
				CLANG_WARN_COMMA = YES;
				CLANG_WARN_CONSTANT_CONVERSION = YES;
				CLANG_WARN_DEPRECATED_OBJC_IMPLEMENTATIONS = YES;
				CLANG_WARN_DIRECT_OBJC_ISA_USAGE = YES_ERROR;
				CLANG_WARN_DOCUMENTATION_COMMENTS = YES;
				CLANG_WARN_EMPTY_BODY = YES;
				CLANG_WARN_ENUM_CONVERSION = YES;
				CLANG_WARN_INFINITE_RECURSION = YES;
				CLANG_WARN_INT_CONVERSION = YES;
				CLANG_WARN_NON_LITERAL_NULL_CONVERSION = YES;
				CLANG_WARN_OBJC_IMPLICIT_RETAIN_SELF = YES;
				CLANG_WARN_OBJC_LITERAL_CONVERSION = YES;
				CLANG_WARN_OBJC_ROOT_CLASS = YES_ERROR;
				CLANG_WARN_QUOTED_INCLUDE_IN_FRAMEWORK_HEADER = YES;
				CLANG_WARN_RANGE_LOOP_ANALYSIS = YES;
				CLANG_WARN_STRICT_PROTOTYPES = YES;
				CLANG_WARN_SUSPICIOUS_MOVE = YES;
				CLANG_WARN_UNGUARDED_AVAILABILITY = YES_AGGRESSIVE;
				CLANG_WARN_UNREACHABLE_CODE = YES;
				CLANG_WARN__DUPLICATE_METHOD_MATCH = YES;
				COPY_PHASE_STRIP = NO;
				DEBUG_INFORMATION_FORMAT = "dwarf-with-dsym";
				ENABLE_NS_ASSERTIONS = NO;
				ENABLE_STRICT_OBJC_MSGSEND = YES;
				ENABLE_USER_SCRIPT_SANDBOXING = YES;
				GCC_C_LANGUAGE_STANDARD = gnu17;
				GCC_NO_COMMON_BLOCKS = YES;
				GCC_WARN_64_TO_32_BIT_CONVERSION = YES;
				GCC_WARN_ABOUT_RETURN_TYPE = YES_ERROR;
				GCC_WARN_UNDECLARED_SELECTOR = YES;
				GCC_WARN_UNINITIALIZED_AUTOS = YES_AGGRESSIVE;
				GCC_WARN_UNUSED_FUNCTION = YES;
				GCC_WARN_UNUSED_VARIABLE = YES;
				IPHONEOS_DEPLOYMENT_TARGET = 18.0;
				LOCALIZATION_PREFERS_STRING_CATALOGS = YES;
				MTL_ENABLE_DEBUG_INFO = NO;
				MTL_FAST_MATH = YES;
				SDKROOT = iphoneos;
				SWIFT_COMPILATION_MODE = wholemodule;
				VALIDATE_PRODUCT = YES;
			};
			name = Release;
		};
		F795A0942C53742B0091E74F /* Debug */ = {
			isa = XCBuildConfiguration;
			buildSettings = {
				ASSETCATALOG_COMPILER_APPICON_NAME = AppIcon;
				ASSETCATALOG_COMPILER_GLOBAL_ACCENT_COLOR_NAME = AccentColor;
				CODE_SIGN_STYLE = Automatic;
				CURRENT_PROJECT_VERSION = 1;
				DEVELOPMENT_TEAM = Q36V82Q359;
				GENERATE_INFOPLIST_FILE = YES;
				INFOPLIST_FILE = PhotoDiary/Info.plist;
				INFOPLIST_KEY_UIApplicationSupportsIndirectInputEvents = YES;
				INFOPLIST_KEY_UILaunchStoryboardName = LaunchScreen;
				INFOPLIST_KEY_UIMainStoryboardFile = Main;
				INFOPLIST_KEY_UISupportedInterfaceOrientations_iPad = "UIInterfaceOrientationPortrait UIInterfaceOrientationPortraitUpsideDown UIInterfaceOrientationLandscapeLeft UIInterfaceOrientationLandscapeRight";
				INFOPLIST_KEY_UISupportedInterfaceOrientations_iPhone = "UIInterfaceOrientationPortrait UIInterfaceOrientationLandscapeLeft UIInterfaceOrientationLandscapeRight";
				LD_RUNPATH_SEARCH_PATHS = (
					"$(inherited)",
					"@executable_path/Frameworks",
				);
				MARKETING_VERSION = 1.0;
				PRODUCT_BUNDLE_IDENTIFIER = yt.PhotoDiary;
				PRODUCT_NAME = "$(TARGET_NAME)";
				SWIFT_EMIT_LOC_STRINGS = YES;
				SWIFT_VERSION = 5.0;
				TARGETED_DEVICE_FAMILY = "1,2";
			};
			name = Debug;
		};
		F795A0952C53742B0091E74F /* Release */ = {
			isa = XCBuildConfiguration;
			buildSettings = {
				ASSETCATALOG_COMPILER_APPICON_NAME = AppIcon;
				ASSETCATALOG_COMPILER_GLOBAL_ACCENT_COLOR_NAME = AccentColor;
				CODE_SIGN_STYLE = Automatic;
				CURRENT_PROJECT_VERSION = 1;
				DEVELOPMENT_TEAM = Q36V82Q359;
				GENERATE_INFOPLIST_FILE = YES;
				INFOPLIST_FILE = PhotoDiary/Info.plist;
				INFOPLIST_KEY_UIApplicationSupportsIndirectInputEvents = YES;
				INFOPLIST_KEY_UILaunchStoryboardName = LaunchScreen;
				INFOPLIST_KEY_UIMainStoryboardFile = Main;
				INFOPLIST_KEY_UISupportedInterfaceOrientations_iPad = "UIInterfaceOrientationPortrait UIInterfaceOrientationPortraitUpsideDown UIInterfaceOrientationLandscapeLeft UIInterfaceOrientationLandscapeRight";
				INFOPLIST_KEY_UISupportedInterfaceOrientations_iPhone = "UIInterfaceOrientationPortrait UIInterfaceOrientationLandscapeLeft UIInterfaceOrientationLandscapeRight";
				LD_RUNPATH_SEARCH_PATHS = (
					"$(inherited)",
					"@executable_path/Frameworks",
				);
				MARKETING_VERSION = 1.0;
				PRODUCT_BUNDLE_IDENTIFIER = yt.PhotoDiary;
				PRODUCT_NAME = "$(TARGET_NAME)";
				SWIFT_EMIT_LOC_STRINGS = YES;
				SWIFT_VERSION = 5.0;
				TARGETED_DEVICE_FAMILY = "1,2";
			};
			name = Release;
		};
/* End XCBuildConfiguration section */

/* Begin XCConfigurationList section */
		F795A07A2C5374270091E74F /* Build configuration list for PBXProject "PhotoDiary" */ = {
			isa = XCConfigurationList;
			buildConfigurations = (
				F795A0912C53742B0091E74F /* Debug */,
				F795A0922C53742B0091E74F /* Release */,
			);
			defaultConfigurationIsVisible = 0;
			defaultConfigurationName = Release;
		};
		F795A0932C53742B0091E74F /* Build configuration list for PBXNativeTarget "PhotoDiary" */ = {
			isa = XCConfigurationList;
			buildConfigurations = (
				F795A0942C53742B0091E74F /* Debug */,
				F795A0952C53742B0091E74F /* Release */,
			);
			defaultConfigurationIsVisible = 0;
			defaultConfigurationName = Release;
		};
/* End XCConfigurationList section */
	};
	rootObject = F795A0772C5374270091E74F /* Project object */;
}
